
Microsoft Visual Studio Solution File, Format Version 12.00
# Visual Studio Version 16
VisualStudioVersion = 16.0.31402.337
MinimumVisualStudioVersion = 10.0.40219.1
Project("{FAE04EC0-301F-11D3-BF4B-00C04F79EFBC}") = "IoT_Application.UWP", "IoT_Application\IoT_Application.UWP\IoT_Application.UWP.csproj", "{05F944DD-8D7D-4083-8CD3-06EEC05FC537}"
EndProject
Project("{FAE04EC0-301F-11D3-BF4B-00C04F79EFBC}") = "IoT_Application.Android", "IoT_Application\IoT_Application.Android\IoT_Application.Android.csproj", "{D257721E-F646-46FD-AB62-3E3EE70588DA}"
EndProject
Project("{FAE04EC0-301F-11D3-BF4B-00C04F79EFBC}") = "IoT_Application.iOS", "IoT_Application\IoT_Application.iOS\IoT_Application.iOS.csproj", "{17C3B73C-22C8-44ED-83ED-8B76525DC310}"
EndProject
Project("{FAE04EC0-301F-11D3-BF4B-00C04F79EFBC}") = "IoT_Application", "IoT_Application\IoT_Application\IoT_Application.csproj", "{06A7D0B0-CB8C-487C-A6A8-29E68AC250A3}"
EndProject
Global
	GlobalSection(SolutionConfigurationPlatforms) = preSolution
		Debug|Any CPU = Debug|Any CPU
		Debug|ARM = Debug|ARM
		Debug|iPhone = Debug|iPhone
		Debug|iPhoneSimulator = Debug|iPhoneSimulator
		Debug|x64 = Debug|x64
		Debug|x86 = Debug|x86
		Release|Any CPU = Release|Any CPU
		Release|ARM = Release|ARM
		Release|iPhone = Release|iPhone
		Release|iPhoneSimulator = Release|iPhoneSimulator
		Release|x64 = Release|x64
		Release|x86 = Release|x86
	EndGlobalSection
	GlobalSection(ProjectConfigurationPlatforms) = postSolution
		{05F944DD-8D7D-4083-8CD3-06EEC05FC537}.Debug|Any CPU.ActiveCfg = Debug|x86
		{05F944DD-8D7D-4083-8CD3-06EEC05FC537}.Debug|Any CPU.Build.0 = Debug|x86
		{05F944DD-8D7D-4083-8CD3-06EEC05FC537}.Debug|Any CPU.Deploy.0 = Debug|x86
		{05F944DD-8D7D-4083-8CD3-06EEC05FC537}.Debug|ARM.ActiveCfg = Debug|ARM
		{05F944DD-8D7D-4083-8CD3-06EEC05FC537}.Debug|ARM.Build.0 = Debug|ARM
		{05F944DD-8D7D-4083-8CD3-06EEC05FC537}.Debug|ARM.Deploy.0 = Debug|ARM
		{05F944DD-8D7D-4083-8CD3-06EEC05FC537}.Debug|iPhone.ActiveCfg = Debug|x86
		{05F944DD-8D7D-4083-8CD3-06EEC05FC537}.Debug|iPhone.Build.0 = Debug|x86
		{05F944DD-8D7D-4083-8CD3-06EEC05FC537}.Debug|iPhone.Deploy.0 = Debug|x86
		{05F944DD-8D7D-4083-8CD3-06EEC05FC537}.Debug|iPhoneSimulator.ActiveCfg = Debug|x86
		{05F944DD-8D7D-4083-8CD3-06EEC05FC537}.Debug|iPhoneSimulator.Build.0 = Debug|x86
		{05F944DD-8D7D-4083-8CD3-06EEC05FC537}.Debug|iPhoneSimulator.Deploy.0 = Debug|x86
		{05F944DD-8D7D-4083-8CD3-06EEC05FC537}.Debug|x64.ActiveCfg = Debug|x64
		{05F944DD-8D7D-4083-8CD3-06EEC05FC537}.Debug|x64.Build.0 = Debug|x64
		{05F944DD-8D7D-4083-8CD3-06EEC05FC537}.Debug|x64.Deploy.0 = Debug|x64
		{05F944DD-8D7D-4083-8CD3-06EEC05FC537}.Debug|x86.ActiveCfg = Debug|x86
		{05F944DD-8D7D-4083-8CD3-06EEC05FC537}.Debug|x86.Build.0 = Debug|x86
		{05F944DD-8D7D-4083-8CD3-06EEC05FC537}.Debug|x86.Deploy.0 = Debug|x86
		{05F944DD-8D7D-4083-8CD3-06EEC05FC537}.Release|Any CPU.ActiveCfg = Release|x86
		{05F944DD-8D7D-4083-8CD3-06EEC05FC537}.Release|Any CPU.Build.0 = Release|x86
		{05F944DD-8D7D-4083-8CD3-06EEC05FC537}.Release|Any CPU.Deploy.0 = Release|x86
		{05F944DD-8D7D-4083-8CD3-06EEC05FC537}.Release|ARM.ActiveCfg = Release|ARM
		{05F944DD-8D7D-4083-8CD3-06EEC05FC537}.Release|ARM.Build.0 = Release|ARM
		{05F944DD-8D7D-4083-8CD3-06EEC05FC537}.Release|ARM.Deploy.0 = Release|ARM
		{05F944DD-8D7D-4083-8CD3-06EEC05FC537}.Release|iPhone.ActiveCfg = Release|x86
		{05F944DD-8D7D-4083-8CD3-06EEC05FC537}.Release|iPhone.Build.0 = Release|x86
		{05F944DD-8D7D-4083-8CD3-06EEC05FC537}.Release|iPhone.Deploy.0 = Release|x86
		{05F944DD-8D7D-4083-8CD3-06EEC05FC537}.Release|iPhoneSimulator.ActiveCfg = Release|x86
		{05F944DD-8D7D-4083-8CD3-06EEC05FC537}.Release|iPhoneSimulator.Build.0 = Release|x86
		{05F944DD-8D7D-4083-8CD3-06EEC05FC537}.Release|iPhoneSimulator.Deploy.0 = Release|x86
		{05F944DD-8D7D-4083-8CD3-06EEC05FC537}.Release|x64.ActiveCfg = Release|x64
		{05F944DD-8D7D-4083-8CD3-06EEC05FC537}.Release|x64.Build.0 = Release|x64
		{05F944DD-8D7D-4083-8CD3-06EEC05FC537}.Release|x64.Deploy.0 = Release|x64
		{05F944DD-8D7D-4083-8CD3-06EEC05FC537}.Release|x86.ActiveCfg = Release|x86
		{05F944DD-8D7D-4083-8CD3-06EEC05FC537}.Release|x86.Build.0 = Release|x86
		{05F944DD-8D7D-4083-8CD3-06EEC05FC537}.Release|x86.Deploy.0 = Release|x86
		{D257721E-F646-46FD-AB62-3E3EE70588DA}.Debug|Any CPU.ActiveCfg = Debug|Any CPU
		{D257721E-F646-46FD-AB62-3E3EE70588DA}.Debug|Any CPU.Build.0 = Debug|Any CPU
		{D257721E-F646-46FD-AB62-3E3EE70588DA}.Debug|Any CPU.Deploy.0 = Debug|Any CPU
		{D257721E-F646-46FD-AB62-3E3EE70588DA}.Debug|ARM.ActiveCfg = Debug|Any CPU
		{D257721E-F646-46FD-AB62-3E3EE70588DA}.Debug|ARM.Build.0 = Debug|Any CPU
		{D257721E-F646-46FD-AB62-3E3EE70588DA}.Debug|ARM.Deploy.0 = Debug|Any CPU
		{D257721E-F646-46FD-AB62-3E3EE70588DA}.Debug|iPhone.ActiveCfg = Debug|Any CPU
		{D257721E-F646-46FD-AB62-3E3EE70588DA}.Debug|iPhone.Build.0 = Debug|Any CPU
		{D257721E-F646-46FD-AB62-3E3EE70588DA}.Debug|iPhone.Deploy.0 = Debug|Any CPU
		{D257721E-F646-46FD-AB62-3E3EE70588DA}.Debug|iPhoneSimulator.ActiveCfg = Debug|Any CPU
		{D257721E-F646-46FD-AB62-3E3EE70588DA}.Debug|iPhoneSimulator.Build.0 = Debug|Any CPU
		{D257721E-F646-46FD-AB62-3E3EE70588DA}.Debug|iPhoneSimulator.Deploy.0 = Debug|Any CPU
		{D257721E-F646-46FD-AB62-3E3EE70588DA}.Debug|x64.ActiveCfg = Debug|Any CPU
		{D257721E-F646-46FD-AB62-3E3EE70588DA}.Debug|x64.Build.0 = Debug|Any CPU
		{D257721E-F646-46FD-AB62-3E3EE70588DA}.Debug|x64.Deploy.0 = Debug|Any CPU
		{D257721E-F646-46FD-AB62-3E3EE70588DA}.Debug|x86.ActiveCfg = Debug|Any CPU
		{D257721E-F646-46FD-AB62-3E3EE70588DA}.Debug|x86.Build.0 = Debug|Any CPU
		{D257721E-F646-46FD-AB62-3E3EE70588DA}.Debug|x86.Deploy.0 = Debug|Any CPU
		{D257721E-F646-46FD-AB62-3E3EE70588DA}.Release|Any CPU.ActiveCfg = Release|Any CPU
		{D257721E-F646-46FD-AB62-3E3EE70588DA}.Release|Any CPU.Build.0 = Release|Any CPU
		{D257721E-F646-46FD-AB62-3E3EE70588DA}.Release|Any CPU.Deploy.0 = Release|Any CPU
		{D257721E-F646-46FD-AB62-3E3EE70588DA}.Release|ARM.ActiveCfg = Release|Any CPU
		{D257721E-F646-46FD-AB62-3E3EE70588DA}.Release|ARM.Build.0 = Release|Any CPU
		{D257721E-F646-46FD-AB62-3E3EE70588DA}.Release|ARM.Deploy.0 = Release|Any CPU
		{D257721E-F646-46FD-AB62-3E3EE70588DA}.Release|iPhone.ActiveCfg = Release|Any CPU
		{D257721E-F646-46FD-AB62-3E3EE70588DA}.Release|iPhone.Build.0 = Release|Any CPU
		{D257721E-F646-46FD-AB62-3E3EE70588DA}.Release|iPhone.Deploy.0 = Release|Any CPU
		{D257721E-F646-46FD-AB62-3E3EE70588DA}.Release|iPhoneSimulator.ActiveCfg = Release|Any CPU
		{D257721E-F646-46FD-AB62-3E3EE70588DA}.Release|iPhoneSimulator.Build.0 = Release|Any CPU
		{D257721E-F646-46FD-AB62-3E3EE70588DA}.Release|iPhoneSimulator.Deploy.0 = Release|Any CPU
		{D257721E-F646-46FD-AB62-3E3EE70588DA}.Release|x64.ActiveCfg = Release|Any CPU
		{D257721E-F646-46FD-AB62-3E3EE70588DA}.Release|x64.Build.0 = Release|Any CPU
		{D257721E-F646-46FD-AB62-3E3EE70588DA}.Release|x64.Deploy.0 = Release|Any CPU
		{D257721E-F646-46FD-AB62-3E3EE70588DA}.Release|x86.ActiveCfg = Release|Any CPU
		{D257721E-F646-46FD-AB62-3E3EE70588DA}.Release|x86.Build.0 = Release|Any CPU
		{D257721E-F646-46FD-AB62-3E3EE70588DA}.Release|x86.Deploy.0 = Release|Any CPU
		{17C3B73C-22C8-44ED-83ED-8B76525DC310}.Debug|Any CPU.ActiveCfg = Debug|iPhoneSimulator
		{17C3B73C-22C8-44ED-83ED-8B76525DC310}.Debug|Any CPU.Build.0 = Debug|iPhoneSimulator
		{17C3B73C-22C8-44ED-83ED-8B76525DC310}.Debug|Any CPU.Deploy.0 = Debug|iPhoneSimulator
		{17C3B73C-22C8-44ED-83ED-8B76525DC310}.Debug|ARM.ActiveCfg = Debug|iPhone
		{17C3B73C-22C8-44ED-83ED-8B76525DC310}.Debug|ARM.Build.0 = Debug|iPhone
		{17C3B73C-22C8-44ED-83ED-8B76525DC310}.Debug|ARM.Deploy.0 = Debug|iPhone
		{17C3B73C-22C8-44ED-83ED-8B76525DC310}.Debug|iPhone.ActiveCfg = Debug|iPhone
		{17C3B73C-22C8-44ED-83ED-8B76525DC310}.Debug|iPhone.Build.0 = Debug|iPhone
		{17C3B73C-22C8-44ED-83ED-8B76525DC310}.Debug|iPhone.Deploy.0 = Debug|iPhone
		{17C3B73C-22C8-44ED-83ED-8B76525DC310}.Debug|iPhoneSimulator.ActiveCfg = Debug|iPhoneSimulator
		{17C3B73C-22C8-44ED-83ED-8B76525DC310}.Debug|iPhoneSimulator.Build.0 = Debug|iPhoneSimulator
		{17C3B73C-22C8-44ED-83ED-8B76525DC310}.Debug|iPhoneSimulator.Deploy.0 = Debug|iPhoneSimulator
		{17C3B73C-22C8-44ED-83ED-8B76525DC310}.Debug|x64.ActiveCfg = Debug|iPhoneSimulator
		{17C3B73C-22C8-44ED-83ED-8B76525DC310}.Debug|x64.Build.0 = Debug|iPhoneSimulator
		{17C3B73C-22C8-44ED-83ED-8B76525DC310}.Debug|x64.Deploy.0 = Debug|iPhoneSimulator
		{17C3B73C-22C8-44ED-83ED-8B76525DC310}.Debug|x86.ActiveCfg = Debug|iPhoneSimulator
		{17C3B73C-22C8-44ED-83ED-8B76525DC310}.Debug|x86.Build.0 = Debug|iPhoneSimulator
		{17C3B73C-22C8-44ED-83ED-8B76525DC310}.Debug|x86.Deploy.0 = Debug|iPhoneSimulator
		{17C3B73C-22C8-44ED-83ED-8B76525DC310}.Release|Any CPU.ActiveCfg = Release|iPhoneSimulator
		{17C3B73C-22C8-44ED-83ED-8B76525DC310}.Release|Any CPU.Build.0 = Release|iPhoneSimulator
		{17C3B73C-22C8-44ED-83ED-8B76525DC310}.Release|Any CPU.Deploy.0 = Release|iPhoneSimulator
		{17C3B73C-22C8-44ED-83ED-8B76525DC310}.Release|ARM.ActiveCfg = Release|iPhoneSimulator
		{17C3B73C-22C8-44ED-83ED-8B76525DC310}.Release|ARM.Build.0 = Release|iPhoneSimulator
		{17C3B73C-22C8-44ED-83ED-8B76525DC310}.Release|ARM.Deploy.0 = Release|iPhoneSimulator
		{17C3B73C-22C8-44ED-83ED-8B76525DC310}.Release|iPhone.ActiveCfg = Release|iPhone
		{17C3B73C-22C8-44ED-83ED-8B76525DC310}.Release|iPhone.Build.0 = Release|iPhone
		{17C3B73C-22C8-44ED-83ED-8B76525DC310}.Release|iPhone.Deploy.0 = Release|iPhone
		{17C3B73C-22C8-44ED-83ED-8B76525DC310}.Release|iPhoneSimulator.ActiveCfg = Release|iPhoneSimulator
		{17C3B73C-22C8-44ED-83ED-8B76525DC310}.Release|iPhoneSimulator.Build.0 = Release|iPhoneSimulator
		{17C3B73C-22C8-44ED-83ED-8B76525DC310}.Release|iPhoneSimulator.Deploy.0 = Release|iPhoneSimulator
		{17C3B73C-22C8-44ED-83ED-8B76525DC310}.Release|x64.ActiveCfg = Release|iPhoneSimulator
		{17C3B73C-22C8-44ED-83ED-8B76525DC310}.Release|x64.Build.0 = Release|iPhoneSimulator
		{17C3B73C-22C8-44ED-83ED-8B76525DC310}.Release|x64.Deploy.0 = Release|iPhoneSimulator
		{17C3B73C-22C8-44ED-83ED-8B76525DC310}.Release|x86.ActiveCfg = Release|iPhoneSimulator
		{17C3B73C-22C8-44ED-83ED-8B76525DC310}.Release|x86.Build.0 = Release|iPhoneSimulator
		{17C3B73C-22C8-44ED-83ED-8B76525DC310}.Release|x86.Deploy.0 = Release|iPhoneSimulator
		{06A7D0B0-CB8C-487C-A6A8-29E68AC250A3}.Debug|Any CPU.ActiveCfg = Debug|Any CPU
		{06A7D0B0-CB8C-487C-A6A8-29E68AC250A3}.Debug|Any CPU.Build.0 = Debug|Any CPU
		{06A7D0B0-CB8C-487C-A6A8-29E68AC250A3}.Debug|Any CPU.Deploy.0 = Debug|Any CPU
		{06A7D0B0-CB8C-487C-A6A8-29E68AC250A3}.Debug|ARM.ActiveCfg = Debug|Any CPU
		{06A7D0B0-CB8C-487C-A6A8-29E68AC250A3}.Debug|ARM.Build.0 = Debug|Any CPU
		{06A7D0B0-CB8C-487C-A6A8-29E68AC250A3}.Debug|ARM.Deploy.0 = Debug|Any CPU
		{06A7D0B0-CB8C-487C-A6A8-29E68AC250A3}.Debug|iPhone.ActiveCfg = Debug|Any CPU
		{06A7D0B0-CB8C-487C-A6A8-29E68AC250A3}.Debug|iPhone.Build.0 = Debug|Any CPU
		{06A7D0B0-CB8C-487C-A6A8-29E68AC250A3}.Debug|iPhone.Deploy.0 = Debug|Any CPU
		{06A7D0B0-CB8C-487C-A6A8-29E68AC250A3}.Debug|iPhoneSimulator.ActiveCfg = Debug|Any CPU
		{06A7D0B0-CB8C-487C-A6A8-29E68AC250A3}.Debug|iPhoneSimulator.Build.0 = Debug|Any CPU
		{06A7D0B0-CB8C-487C-A6A8-29E68AC250A3}.Debug|iPhoneSimulator.Deploy.0 = Debug|Any CPU
		{06A7D0B0-CB8C-487C-A6A8-29E68AC250A3}.Debug|x64.ActiveCfg = Debug|Any CPU
		{06A7D0B0-CB8C-487C-A6A8-29E68AC250A3}.Debug|x64.Build.0 = Debug|Any CPU
		{06A7D0B0-CB8C-487C-A6A8-29E68AC250A3}.Debug|x64.Deploy.0 = Debug|Any CPU
		{06A7D0B0-CB8C-487C-A6A8-29E68AC250A3}.Debug|x86.ActiveCfg = Debug|Any CPU
		{06A7D0B0-CB8C-487C-A6A8-29E68AC250A3}.Debug|x86.Build.0 = Debug|Any CPU
		{06A7D0B0-CB8C-487C-A6A8-29E68AC250A3}.Debug|x86.Deploy.0 = Debug|Any CPU
		{06A7D0B0-CB8C-487C-A6A8-29E68AC250A3}.Release|Any CPU.ActiveCfg = Release|Any CPU
		{06A7D0B0-CB8C-487C-A6A8-29E68AC250A3}.Release|Any CPU.Build.0 = Release|Any CPU
		{06A7D0B0-CB8C-487C-A6A8-29E68AC250A3}.Release|Any CPU.Deploy.0 = Release|Any CPU
		{06A7D0B0-CB8C-487C-A6A8-29E68AC250A3}.Release|ARM.ActiveCfg = Release|Any CPU
		{06A7D0B0-CB8C-487C-A6A8-29E68AC250A3}.Release|ARM.Build.0 = Release|Any CPU
		{06A7D0B0-CB8C-487C-A6A8-29E68AC250A3}.Release|ARM.Deploy.0 = Release|Any CPU
		{06A7D0B0-CB8C-487C-A6A8-29E68AC250A3}.Release|iPhone.ActiveCfg = Release|Any CPU
		{06A7D0B0-CB8C-487C-A6A8-29E68AC250A3}.Release|iPhone.Build.0 = Release|Any CPU
		{06A7D0B0-CB8C-487C-A6A8-29E68AC250A3}.Release|iPhone.Deploy.0 = Release|Any CPU
		{06A7D0B0-CB8C-487C-A6A8-29E68AC250A3}.Release|iPhoneSimulator.ActiveCfg = Release|Any CPU
		{06A7D0B0-CB8C-487C-A6A8-29E68AC250A3}.Release|iPhoneSimulator.Build.0 = Release|Any CPU
		{06A7D0B0-CB8C-487C-A6A8-29E68AC250A3}.Release|iPhoneSimulator.Deploy.0 = Release|Any CPU
		{06A7D0B0-CB8C-487C-A6A8-29E68AC250A3}.Release|x64.ActiveCfg = Release|Any CPU
		{06A7D0B0-CB8C-487C-A6A8-29E68AC250A3}.Release|x64.Build.0 = Release|Any CPU
		{06A7D0B0-CB8C-487C-A6A8-29E68AC250A3}.Release|x64.Deploy.0 = Release|Any CPU
		{06A7D0B0-CB8C-487C-A6A8-29E68AC250A3}.Release|x86.ActiveCfg = Release|Any CPU
		{06A7D0B0-CB8C-487C-A6A8-29E68AC250A3}.Release|x86.Build.0 = Release|Any CPU
		{06A7D0B0-CB8C-487C-A6A8-29E68AC250A3}.Release|x86.Deploy.0 = Release|Any CPU
	EndGlobalSection
	GlobalSection(SolutionProperties) = preSolution
		HideSolutionNode = FALSE
	EndGlobalSection
	GlobalSection(ExtensibilityGlobals) = postSolution
		SolutionGuid = {6C7FBC17-51A7-4811-AA3B-A4C892C77FCE}
	EndGlobalSection
EndGlobal
